
Microsoft Visual Studio Solution File, Format Version 12.00
# Visual Studio Version 17
VisualStudioVersion = 17.4.33122.133
MinimumVisualStudioVersion = 10.0.40219.1
Project("{FAE04EC0-301F-11D3-BF4B-00C04F79EFBC}") = "project1", "project1\project1.csproj", "{99E322EC-C909-4A48-B554-C57F031B03FB}"
EndProject
Global
	GlobalSection(SolutionConfigurationPlatforms) = preSolution
		Debug|Any CPU = Debug|Any CPU
		Release|Any CPU = Release|Any CPU
	EndGlobalSection
	GlobalSection(ProjectConfigurationPlatforms) = postSolution
		{99E322EC-C909-4A48-B554-C57F031B03FB}.Debug|Any CPU.ActiveCfg = Debug|Any CPU
		{99E322EC-C909-4A48-B554-C57F031B03FB}.Debug|Any CPU.Build.0 = Debug|Any CPU
		{99E322EC-C909-4A48-B554-C57F031B03FB}.Release|Any CPU.ActiveCfg = Release|Any CPU
		{99E322EC-C909-4A48-B554-C57F031B03FB}.Release|Any CPU.Build.0 = Release|Any CPU
	EndGlobalSection
	GlobalSection(SolutionProperties) = preSolution
		HideSolutionNode = FALSE
	EndGlobalSection
	GlobalSection(ExtensibilityGlobals) = postSolution
		SolutionGuid = {90C3EE67-0AB7-435A-BE96-435F697C7D96}
	EndGlobalSection
EndGlobal
